Microsoft Visual Studio Solution File, Format Version 12.00
# Visual Studio Version 17
VisualStudioVersion = 17.5.2.0
MinimumVisualStudioVersion = 10.0.40219.1
Project("{FAE04EC0-301F-11D3-BF4B-00C04F79EFBC}") = "FanficAPP", "FanficAPP\FanficAPP.csproj", "{FD3E8A17-44CB-E549-4362-706FEE416769}"
EndProject
Global
	GlobalSection(SolutionConfigurationPlatforms) = preSolution
		Debug|Any CPU = Debug|Any CPU
		Release|Any CPU = Release|Any CPU
	EndGlobalSection
	GlobalSection(ProjectConfigurationPlatforms) = postSolution
		{FD3E8A17-44CB-E549-4362-706FEE416769}.Debug|Any CPU.ActiveCfg = Debug|Any CPU
		{FD3E8A17-44CB-E549-4362-706FEE416769}.Debug|Any CPU.Build.0 = Debug|Any CPU
		{FD3E8A17-44CB-E549-4362-706FEE416769}.Release|Any CPU.ActiveCfg = Release|Any CPU
		{FD3E8A17-44CB-E549-4362-706FEE416769}.Release|Any CPU.Build.0 = Release|Any CPU
	EndGlobalSection
	GlobalSection(SolutionProperties) = preSolution
		HideSolutionNode = FALSE
	EndGlobalSection
	GlobalSection(ExtensibilityGlobals) = postSolution
		SolutionGuid = {D079B959-9D3C-4346-A0AF-6087841F91F6}
	EndGlobalSection
EndGlobal
